
Microsoft Visual Studio Solution File, Format Version 12.00
# Visual Studio Version 17
VisualStudioVersion = 17.13.35919.96 d17.13
MinimumVisualStudioVersion = 10.0.40219.1
Project("{FAE04EC0-301F-11D3-BF4B-00C04F79EFBC}") = "Ex02", "Ex02\Ex02.csproj", "{7E00EFBD-F62C-4DB2-8A23-66F6018D2D17}"
EndProject
Global
	GlobalSection(SolutionConfigurationPlatforms) = preSolution
		Debug|Any CPU = Debug|Any CPU
		Release|Any CPU = Release|Any CPU
	EndGlobalSection
	GlobalSection(ProjectConfigurationPlatforms) = postSolution
		{7E00EFBD-F62C-4DB2-8A23-66F6018D2D17}.Debug|Any CPU.ActiveCfg = Debug|Any CPU
		{7E00EFBD-F62C-4DB2-8A23-66F6018D2D17}.Debug|Any CPU.Build.0 = Debug|Any CPU
		{7E00EFBD-F62C-4DB2-8A23-66F6018D2D17}.Release|Any CPU.ActiveCfg = Release|Any CPU
		{7E00EFBD-F62C-4DB2-8A23-66F6018D2D17}.Release|Any CPU.Build.0 = Release|Any CPU
	EndGlobalSection
	GlobalSection(SolutionProperties) = preSolution
		HideSolutionNode = FALSE
	EndGlobalSection
	GlobalSection(ExtensibilityGlobals) = postSolution
		SolutionGuid = {8AC3AD09-8B98-462E-87FA-C5A72BA937A2}
	EndGlobalSection
EndGlobal
